
Microsoft Visual Studio Solution File, Format Version 12.00
# Visual Studio 15
VisualStudioVersion = 15.0.27130.2027
MinimumVisualStudioVersion = 10.0.40219.1
Project("{FAE04EC0-301F-11D3-BF4B-00C04F79EFBC}") = "climaApp.Android", "climaApp\climaApp.Android\climaApp.Android.csproj", "{B9391494-A622-497E-9BA2-52F9F84DB94F}"
EndProject
Project("{FAE04EC0-301F-11D3-BF4B-00C04F79EFBC}") = "climaApp.iOS", "climaApp\climaApp.iOS\climaApp.iOS.csproj", "{EA9DEDAD-CBB6-4FD3-8511-5C1DCB00A0CF}"
EndProject
Project("{FAE04EC0-301F-11D3-BF4B-00C04F79EFBC}") = "climaApp", "climaApp\climaApp\climaApp.csproj", "{9E7B22D6-3965-4BA7-9FEB-FEEA14B77958}"
EndProject
Global
	GlobalSection(SolutionConfigurationPlatforms) = preSolution
		Ad-Hoc|Any CPU = Ad-Hoc|Any CPU
		Ad-Hoc|iPhone = Ad-Hoc|iPhone
		Ad-Hoc|iPhoneSimulator = Ad-Hoc|iPhoneSimulator
		AppStore|Any CPU = AppStore|Any CPU
		AppStore|iPhone = AppStore|iPhone
		AppStore|iPhoneSimulator = AppStore|iPhoneSimulator
		Debug|Any CPU = Debug|Any CPU
		Debug|iPhone = Debug|iPhone
		Debug|iPhoneSimulator = Debug|iPhoneSimulator
		Release|Any CPU = Release|Any CPU
		Release|iPhone = Release|iPhone
		Release|iPhoneSimulator = Release|iPhoneSimulator
	EndGlobalSection
	GlobalSection(ProjectConfigurationPlatforms) = postSolution
		{B9391494-A622-497E-9BA2-52F9F84DB94F}.Ad-Hoc|Any CPU.ActiveCfg = Release|Any CPU
		{B9391494-A622-497E-9BA2-52F9F84DB94F}.Ad-Hoc|Any CPU.Build.0 = Release|Any CPU
		{B9391494-A622-497E-9BA2-52F9F84DB94F}.Ad-Hoc|Any CPU.Deploy.0 = Release|Any CPU
		{B9391494-A622-497E-9BA2-52F9F84DB94F}.Ad-Hoc|iPhone.ActiveCfg = Release|Any CPU
		{B9391494-A622-497E-9BA2-52F9F84DB94F}.Ad-Hoc|iPhone.Build.0 = Release|Any CPU
		{B9391494-A622-497E-9BA2-52F9F84DB94F}.Ad-Hoc|iPhone.Deploy.0 = Release|Any CPU
		{B9391494-A622-497E-9BA2-52F9F84DB94F}.Ad-Hoc|iPhoneSimulator.ActiveCfg = Release|Any CPU
		{B9391494-A622-497E-9BA2-52F9F84DB94F}.Ad-Hoc|iPhoneSimulator.Build.0 = Release|Any CPU
		{B9391494-A622-497E-9BA2-52F9F84DB94F}.Ad-Hoc|iPhoneSimulator.Deploy.0 = Release|Any CPU
		{B9391494-A622-497E-9BA2-52F9F84DB94F}.AppStore|Any CPU.ActiveCfg = Release|Any CPU
		{B9391494-A622-497E-9BA2-52F9F84DB94F}.AppStore|Any CPU.Build.0 = Release|Any CPU
		{B9391494-A622-497E-9BA2-52F9F84DB94F}.AppStore|Any CPU.Deploy.0 = Release|Any CPU
		{B9391494-A622-497E-9BA2-52F9F84DB94F}.AppStore|iPhone.ActiveCfg = Release|Any CPU
		{B9391494-A622-497E-9BA2-52F9F84DB94F}.AppStore|iPhone.Build.0 = Release|Any CPU
		{B9391494-A622-497E-9BA2-52F9F84DB94F}.AppStore|iPhone.Deploy.0 = Release|Any CPU
		{B9391494-A622-497E-9BA2-52F9F84DB94F}.AppStore|iPhoneSimulator.ActiveCfg = Release|Any CPU
		{B9391494-A622-497E-9BA2-52F9F84DB94F}.AppStore|iPhoneSimulator.Build.0 = Release|Any CPU
		{B9391494-A622-497E-9BA2-52F9F84DB94F}.AppStore|iPhoneSimulator.Deploy.0 = Release|Any CPU
		{B9391494-A622-497E-9BA2-52F9F84DB94F}.Debug|Any CPU.ActiveCfg = Debug|Any CPU
		{B9391494-A622-497E-9BA2-52F9F84DB94F}.Debug|Any CPU.Build.0 = Debug|Any CPU
		{B9391494-A622-497E-9BA2-52F9F84DB94F}.Debug|Any CPU.Deploy.0 = Debug|Any CPU
		{B9391494-A622-497E-9BA2-52F9F84DB94F}.Debug|iPhone.ActiveCfg = Debug|Any CPU
		{B9391494-A622-497E-9BA2-52F9F84DB94F}.Debug|iPhone.Build.0 = Debug|Any CPU
		{B9391494-A622-497E-9BA2-52F9F84DB94F}.Debug|iPhone.Deploy.0 = Debug|Any CPU
		{B9391494-A622-497E-9BA2-52F9F84DB94F}.Debug|iPhoneSimulator.ActiveCfg = Debug|Any CPU
		{B9391494-A622-497E-9BA2-52F9F84DB94F}.Debug|iPhoneSimulator.Build.0 = Debug|Any CPU
		{B9391494-A622-497E-9BA2-52F9F84DB94F}.Debug|iPhoneSimulator.Deploy.0 = Debug|Any CPU
		{B9391494-A622-497E-9BA2-52F9F84DB94F}.Release|Any CPU.ActiveCfg = Release|Any CPU
		{B9391494-A622-497E-9BA2-52F9F84DB94F}.Release|Any CPU.Build.0 = Release|Any CPU
		{B9391494-A622-497E-9BA2-52F9F84DB94F}.Release|Any CPU.Deploy.0 = Release|Any CPU
		{B9391494-A622-497E-9BA2-52F9F84DB94F}.Release|iPhone.ActiveCfg = Release|Any CPU
		{B9391494-A622-497E-9BA2-52F9F84DB94F}.Release|iPhone.Build.0 = Release|Any CPU
		{B9391494-A622-497E-9BA2-52F9F84DB94F}.Release|iPhone.Deploy.0 = Release|Any CPU
		{B9391494-A622-497E-9BA2-52F9F84DB94F}.Release|iPhoneSimulator.ActiveCfg = Release|Any CPU
		{B9391494-A622-497E-9BA2-52F9F84DB94F}.Release|iPhoneSimulator.Build.0 = Release|Any CPU
		{B9391494-A622-497E-9BA2-52F9F84DB94F}.Release|iPhoneSimulator.Deploy.0 = Release|Any CPU
		{EA9DEDAD-CBB6-4FD3-8511-5C1DCB00A0CF}.Ad-Hoc|Any CPU.ActiveCfg = Ad-Hoc|iPhone
		{EA9DEDAD-CBB6-4FD3-8511-5C1DCB00A0CF}.Ad-Hoc|iPhone.ActiveCfg = Ad-Hoc|iPhone
		{EA9DEDAD-CBB6-4FD3-8511-5C1DCB00A0CF}.Ad-Hoc|iPhone.Build.0 = Ad-Hoc|iPhone
		{EA9DEDAD-CBB6-4FD3-8511-5C1DCB00A0CF}.Ad-Hoc|iPhoneSimulator.ActiveCfg = Ad-Hoc|iPhoneSimulator
		{EA9DEDAD-CBB6-4FD3-8511-5C1DCB00A0CF}.Ad-Hoc|iPhoneSimulator.Build.0 = Ad-Hoc|iPhoneSimulator
		{EA9DEDAD-CBB6-4FD3-8511-5C1DCB00A0CF}.AppStore|Any CPU.ActiveCfg = AppStore|iPhone
		{EA9DEDAD-CBB6-4FD3-8511-5C1DCB00A0CF}.AppStore|iPhone.ActiveCfg = AppStore|iPhone
		{EA9DEDAD-CBB6-4FD3-8511-5C1DCB00A0CF}.AppStore|iPhone.Build.0 = AppStore|iPhone
		{EA9DEDAD-CBB6-4FD3-8511-5C1DCB00A0CF}.AppStore|iPhoneSimulator.ActiveCfg = AppStore|iPhoneSimulator
		{EA9DEDAD-CBB6-4FD3-8511-5C1DCB00A0CF}.AppStore|iPhoneSimulator.Build.0 = AppStore|iPhoneSimulator
		{EA9DEDAD-CBB6-4FD3-8511-5C1DCB00A0CF}.Debug|Any CPU.ActiveCfg = Debug|iPhone
		{EA9DEDAD-CBB6-4FD3-8511-5C1DCB00A0CF}.Debug|iPhone.ActiveCfg = Debug|iPhone
		{EA9DEDAD-CBB6-4FD3-8511-5C1DCB00A0CF}.Debug|iPhone.Build.0 = Debug|iPhone
		{EA9DEDAD-CBB6-4FD3-8511-5C1DCB00A0CF}.Debug|iPhoneSimulator.ActiveCfg = Debug|iPhoneSimulator
		{EA9DEDAD-CBB6-4FD3-8511-5C1DCB00A0CF}.Debug|iPhoneSimulator.Build.0 = Debug|iPhoneSimulator
		{EA9DEDAD-CBB6-4FD3-8511-5C1DCB00A0CF}.Release|Any CPU.ActiveCfg = Release|iPhone
		{EA9DEDAD-CBB6-4FD3-8511-5C1DCB00A0CF}.Release|iPhone.ActiveCfg = Release|iPhone
		{EA9DEDAD-CBB6-4FD3-8511-5C1DCB00A0CF}.Release|iPhone.Build.0 = Release|iPhone
		{EA9DEDAD-CBB6-4FD3-8511-5C1DCB00A0CF}.Release|iPhoneSimulator.ActiveCfg = Release|iPhoneSimulator
		{EA9DEDAD-CBB6-4FD3-8511-5C1DCB00A0CF}.Release|iPhoneSimulator.Build.0 = Release|iPhoneSimulator
		{9E7B22D6-3965-4BA7-9FEB-FEEA14B77958}.Ad-Hoc|Any CPU.ActiveCfg = Debug|Any CPU
		{9E7B22D6-3965-4BA7-9FEB-FEEA14B77958}.Ad-Hoc|Any CPU.Build.0 = Debug|Any CPU
		{9E7B22D6-3965-4BA7-9FEB-FEEA14B77958}.Ad-Hoc|iPhone.ActiveCfg = Debug|Any CPU
		{9E7B22D6-3965-4BA7-9FEB-FEEA14B77958}.Ad-Hoc|iPhone.Build.0 = Debug|Any CPU
		{9E7B22D6-3965-4BA7-9FEB-FEEA14B77958}.Ad-Hoc|iPhoneSimulator.ActiveCfg = Debug|Any CPU
		{9E7B22D6-3965-4BA7-9FEB-FEEA14B77958}.Ad-Hoc|iPhoneSimulator.Build.0 = Debug|Any CPU
		{9E7B22D6-3965-4BA7-9FEB-FEEA14B77958}.AppStore|Any CPU.ActiveCfg = Debug|Any CPU
		{9E7B22D6-3965-4BA7-9FEB-FEEA14B77958}.AppStore|Any CPU.Build.0 = Debug|Any CPU
		{9E7B22D6-3965-4BA7-9FEB-FEEA14B77958}.AppStore|iPhone.ActiveCfg = Debug|Any CPU
		{9E7B22D6-3965-4BA7-9FEB-FEEA14B77958}.AppStore|iPhone.Build.0 = Debug|Any CPU
		{9E7B22D6-3965-4BA7-9FEB-FEEA14B77958}.AppStore|iPhoneSimulator.ActiveCfg = Debug|Any CPU
		{9E7B22D6-3965-4BA7-9FEB-FEEA14B77958}.AppStore|iPhoneSimulator.Build.0 = Debug|Any CPU
		{9E7B22D6-3965-4BA7-9FEB-FEEA14B77958}.Debug|Any CPU.ActiveCfg = Debug|Any CPU
		{9E7B22D6-3965-4BA7-9FEB-FEEA14B77958}.Debug|Any CPU.Build.0 = Debug|Any CPU
		{9E7B22D6-3965-4BA7-9FEB-FEEA14B77958}.Debug|iPhone.ActiveCfg = Debug|Any CPU
		{9E7B22D6-3965-4BA7-9FEB-FEEA14B77958}.Debug|iPhone.Build.0 = Debug|Any CPU
		{9E7B22D6-3965-4BA7-9FEB-FEEA14B77958}.Debug|iPhoneSimulator.ActiveCfg = Debug|Any CPU
		{9E7B22D6-3965-4BA7-9FEB-FEEA14B77958}.Debug|iPhoneSimulator.Build.0 = Debug|Any CPU
		{9E7B22D6-3965-4BA7-9FEB-FEEA14B77958}.Release|Any CPU.ActiveCfg = Release|Any CPU
		{9E7B22D6-3965-4BA7-9FEB-FEEA14B77958}.Release|Any CPU.Build.0 = Release|Any CPU
		{9E7B22D6-3965-4BA7-9FEB-FEEA14B77958}.Release|iPhone.ActiveCfg = Release|Any CPU
		{9E7B22D6-3965-4BA7-9FEB-FEEA14B77958}.Release|iPhone.Build.0 = Release|Any CPU
		{9E7B22D6-3965-4BA7-9FEB-FEEA14B77958}.Release|iPhoneSimulator.ActiveCfg = Release|Any CPU
		{9E7B22D6-3965-4BA7-9FEB-FEEA14B77958}.Release|iPhoneSimulator.Build.0 = Release|Any CPU
	EndGlobalSection
	GlobalSection(SolutionProperties) = preSolution
		HideSolutionNode = FALSE
	EndGlobalSection
	GlobalSection(ExtensibilityGlobals) = postSolution
		SolutionGuid = {49B3277E-747D-4434-BDF6-911A89C36444}
	EndGlobalSection
EndGlobal
